
Microsoft Visual Studio Solution File, Format Version 12.00
# Visual Studio Version 16
VisualStudioVersion = 16.0.30406.217
MinimumVisualStudioVersion = 10.0.40219.1
Project("{8BC9CEB8-8B4A-11D0-8D11-00A0C91BC942}") = "CommonCharCount", "CommonCharCount\CommonCharCount.vcxproj", "{9F29E61D-28DF-43A3-B542-AE04E2C1AF56}"
EndProject
Project("{8BC9CEB8-8B4A-11D0-8D11-00A0C91BC942}") = "matrixElementsSum", "matrixElementsSum\matrixElementsSum.vcxproj", "{7916798B-E0B1-475A-BEB1-1642682D7B61}"
EndProject
Project("{8BC9CEB8-8B4A-11D0-8D11-00A0C91BC942}") = "Food", "Food\Food.vcxproj", "{62C6C70F-EF71-46E3-89C5-270B6D6797E9}"
EndProject
Project("{8BC9CEB8-8B4A-11D0-8D11-00A0C91BC942}") = "sort", "sort\sort.vcxproj", "{F98C52A0-3F5A-4038-87C6-F0F8808ACF8C}"
EndProject
Project("{8BC9CEB8-8B4A-11D0-8D11-00A0C91BC942}") = "ReverseInParenthesis", "ReverseInParenthesis\ReverseInParenthesis.vcxproj", "{2718917A-CACF-4C9A-90A8-A1FDFEF26E0F}"
EndProject
Project("{8BC9CEB8-8B4A-11D0-8D11-00A0C91BC942}") = "AllLongestString", "AllLongestString\AllLongestString.vcxproj", "{3FFFD4EC-5EED-4667-BB8D-97BB76893851}"
EndProject
Project("{8BC9CEB8-8B4A-11D0-8D11-00A0C91BC942}") = "Fighter", "Fighter\Fighter.vcxproj", "{6D639845-2736-4899-B9E3-BDD1150C9141}"
EndProject
Project("{8BC9CEB8-8B4A-11D0-8D11-00A0C91BC942}") = "word_chain", "word_chain\word_chain.vcxproj", "{2D1864D1-64CA-4629-9330-E02ECF5E45D7}"
EndProject
Project("{8BC9CEB8-8B4A-11D0-8D11-00A0C91BC942}") = "Sudoku", "Sudoku\Sudoku.vcxproj", "{7DFC7C7A-7457-4F1C-9192-9557D0D10760}"
EndProject
Project("{8BC9CEB8-8B4A-11D0-8D11-00A0C91BC942}") = "IDStudent", "IDStudent\IDStudent.vcxproj", "{46AFA228-E0F5-4FBC-A2D2-CCF1D68246FF}"
EndProject
Project("{8BC9CEB8-8B4A-11D0-8D11-00A0C91BC942}") = "selfPower", "selfPower\selfPower.vcxproj", "{D2CE1AAE-212D-4980-BAEF-19B0DED791C1}"
EndProject
Project("{8BC9CEB8-8B4A-11D0-8D11-00A0C91BC942}") = "Worldcup", "Worldcup\Worldcup.vcxproj", "{B59290B3-091F-4CF5-AC15-D2BED23FB828}"
EndProject
Project("{8BC9CEB8-8B4A-11D0-8D11-00A0C91BC942}") = "Dice", "Dice\Dice.vcxproj", "{09B3CDCC-9413-4CA1-913F-2B686320FD6B}"
EndProject
Project("{8BC9CEB8-8B4A-11D0-8D11-00A0C91BC942}") = "Reversi", "Reversi\Reversi.vcxproj", "{3FAF99D8-8E20-455D-95E1-F7D082041682}"
EndProject
Project("{8BC9CEB8-8B4A-11D0-8D11-00A0C91BC942}") = "Multiply_Matrix", "Multiply_Matrix\Multiply_Matrix.vcxproj", "{43C51AF3-715D-4C22-BDE8-C2EBF61458DD}"
EndProject
Project("{8BC9CEB8-8B4A-11D0-8D11-00A0C91BC942}") = "Dancing", "Dancing\Dancing.vcxproj", "{7CF65A1E-B16D-4ED1-B7E9-D6CA310728D7}"
EndProject
Project("{8BC9CEB8-8B4A-11D0-8D11-00A0C91BC942}") = "Buka", "Buka\Buka.vcxproj", "{9CFB52AE-DB75-4EEA-ABC0-5B49013D4755}"
EndProject
Project("{8BC9CEB8-8B4A-11D0-8D11-00A0C91BC942}") = "ACMJudge", "ACMJudge\ACMJudge.vcxproj", "{B2D2C0FA-B439-44A2-AF7A-0995BF689243}"
EndProject
Project("{8BC9CEB8-8B4A-11D0-8D11-00A0C91BC942}") = "TheElements", "TheElements\TheElements.vcxproj", "{D4B11404-8FF0-498B-8F0C-97B5F5C36041}"
EndProject
Project("{8BC9CEB8-8B4A-11D0-8D11-00A0C91BC942}") = "numbers", "numbers\numbers.vcxproj", "{4ED27DE1-015C-4669-A794-CD9A96721536}"
EndProject
Project("{8BC9CEB8-8B4A-11D0-8D11-00A0C91BC942}") = "LCS", "LCS\LCS.vcxproj", "{EB1414BE-F58F-4409-9BE3-0FAC98C47109}"
EndProject
Project("{8BC9CEB8-8B4A-11D0-8D11-00A0C91BC942}") = "Electricity", "Electricity\Electricity.vcxproj", "{748D7149-7BD5-442D-954F-E504866F7E40}"
EndProject
Project("{8BC9CEB8-8B4A-11D0-8D11-00A0C91BC942}") = "Mazu", "Mazu\Mazu.vcxproj", "{01BCD6DB-36CB-4267-A9D3-141E67BF8589}"
EndProject
Project("{8BC9CEB8-8B4A-11D0-8D11-00A0C91BC942}") = "Rope", "Rope\Rope.vcxproj", "{E09F504A-A565-43A6-9DB0-89BE17819001}"
EndProject
Global
	GlobalSection(SolutionConfigurationPlatforms) = preSolution
		Debug|x64 = Debug|x64
		Debug|x86 = Debug|x86
		Release|x64 = Release|x64
		Release|x86 = Release|x86
	EndGlobalSection
	GlobalSection(ProjectConfigurationPlatforms) = postSolution
		{9F29E61D-28DF-43A3-B542-AE04E2C1AF56}.Debug|x64.ActiveCfg = Debug|x64
		{9F29E61D-28DF-43A3-B542-AE04E2C1AF56}.Debug|x64.Build.0 = Debug|x64
		{9F29E61D-28DF-43A3-B542-AE04E2C1AF56}.Debug|x86.ActiveCfg = Debug|Win32
		{9F29E61D-28DF-43A3-B542-AE04E2C1AF56}.Debug|x86.Build.0 = Debug|Win32
		{9F29E61D-28DF-43A3-B542-AE04E2C1AF56}.Release|x64.ActiveCfg = Release|x64
		{9F29E61D-28DF-43A3-B542-AE04E2C1AF56}.Release|x64.Build.0 = Release|x64
		{9F29E61D-28DF-43A3-B542-AE04E2C1AF56}.Release|x86.ActiveCfg = Release|Win32
		{9F29E61D-28DF-43A3-B542-AE04E2C1AF56}.Release|x86.Build.0 = Release|Win32
		{7916798B-E0B1-475A-BEB1-1642682D7B61}.Debug|x64.ActiveCfg = Debug|x64
		{7916798B-E0B1-475A-BEB1-1642682D7B61}.Debug|x64.Build.0 = Debug|x64
		{7916798B-E0B1-475A-BEB1-1642682D7B61}.Debug|x86.ActiveCfg = Debug|Win32
		{7916798B-E0B1-475A-BEB1-1642682D7B61}.Debug|x86.Build.0 = Debug|Win32
		{7916798B-E0B1-475A-BEB1-1642682D7B61}.Release|x64.ActiveCfg = Release|x64
		{7916798B-E0B1-475A-BEB1-1642682D7B61}.Release|x64.Build.0 = Release|x64
		{7916798B-E0B1-475A-BEB1-1642682D7B61}.Release|x86.ActiveCfg = Release|Win32
		{7916798B-E0B1-475A-BEB1-1642682D7B61}.Release|x86.Build.0 = Release|Win32
		{62C6C70F-EF71-46E3-89C5-270B6D6797E9}.Debug|x64.ActiveCfg = Debug|x64
		{62C6C70F-EF71-46E3-89C5-270B6D6797E9}.Debug|x64.Build.0 = Debug|x64
		{62C6C70F-EF71-46E3-89C5-270B6D6797E9}.Debug|x86.ActiveCfg = Debug|Win32
		{62C6C70F-EF71-46E3-89C5-270B6D6797E9}.Debug|x86.Build.0 = Debug|Win32
		{62C6C70F-EF71-46E3-89C5-270B6D6797E9}.Release|x64.ActiveCfg = Release|x64
		{62C6C70F-EF71-46E3-89C5-270B6D6797E9}.Release|x64.Build.0 = Release|x64
		{62C6C70F-EF71-46E3-89C5-270B6D6797E9}.Release|x86.ActiveCfg = Release|Win32
		{62C6C70F-EF71-46E3-89C5-270B6D6797E9}.Release|x86.Build.0 = Release|Win32
		{F98C52A0-3F5A-4038-87C6-F0F8808ACF8C}.Debug|x64.ActiveCfg = Debug|x64
		{F98C52A0-3F5A-4038-87C6-F0F8808ACF8C}.Debug|x64.Build.0 = Debug|x64
		{F98C52A0-3F5A-4038-87C6-F0F8808ACF8C}.Debug|x86.ActiveCfg = Debug|Win32
		{F98C52A0-3F5A-4038-87C6-F0F8808ACF8C}.Debug|x86.Build.0 = Debug|Win32
		{F98C52A0-3F5A-4038-87C6-F0F8808ACF8C}.Release|x64.ActiveCfg = Release|x64
		{F98C52A0-3F5A-4038-87C6-F0F8808ACF8C}.Release|x64.Build.0 = Release|x64
		{F98C52A0-3F5A-4038-87C6-F0F8808ACF8C}.Release|x86.ActiveCfg = Release|Win32
		{F98C52A0-3F5A-4038-87C6-F0F8808ACF8C}.Release|x86.Build.0 = Release|Win32
		{2718917A-CACF-4C9A-90A8-A1FDFEF26E0F}.Debug|x64.ActiveCfg = Debug|x64
		{2718917A-CACF-4C9A-90A8-A1FDFEF26E0F}.Debug|x64.Build.0 = Debug|x64
		{2718917A-CACF-4C9A-90A8-A1FDFEF26E0F}.Debug|x86.ActiveCfg = Debug|Win32
		{2718917A-CACF-4C9A-90A8-A1FDFEF26E0F}.Debug|x86.Build.0 = Debug|Win32
		{2718917A-CACF-4C9A-90A8-A1FDFEF26E0F}.Release|x64.ActiveCfg = Release|x64
		{2718917A-CACF-4C9A-90A8-A1FDFEF26E0F}.Release|x64.Build.0 = Release|x64
		{2718917A-CACF-4C9A-90A8-A1FDFEF26E0F}.Release|x86.ActiveCfg = Release|Win32
		{2718917A-CACF-4C9A-90A8-A1FDFEF26E0F}.Release|x86.Build.0 = Release|Win32
		{3FFFD4EC-5EED-4667-BB8D-97BB76893851}.Debug|x64.ActiveCfg = Debug|x64
		{3FFFD4EC-5EED-4667-BB8D-97BB76893851}.Debug|x64.Build.0 = Debug|x64
		{3FFFD4EC-5EED-4667-BB8D-97BB76893851}.Debug|x86.ActiveCfg = Debug|Win32
		{3FFFD4EC-5EED-4667-BB8D-97BB76893851}.Debug|x86.Build.0 = Debug|Win32
		{3FFFD4EC-5EED-4667-BB8D-97BB76893851}.Release|x64.ActiveCfg = Release|x64
		{3FFFD4EC-5EED-4667-BB8D-97BB76893851}.Release|x64.Build.0 = Release|x64
		{3FFFD4EC-5EED-4667-BB8D-97BB76893851}.Release|x86.ActiveCfg = Release|Win32
		{3FFFD4EC-5EED-4667-BB8D-97BB76893851}.Release|x86.Build.0 = Release|Win32
		{6D639845-2736-4899-B9E3-BDD1150C9141}.Debug|x64.ActiveCfg = Debug|x64
		{6D639845-2736-4899-B9E3-BDD1150C9141}.Debug|x64.Build.0 = Debug|x64
		{6D639845-2736-4899-B9E3-BDD1150C9141}.Debug|x86.ActiveCfg = Debug|Win32
		{6D639845-2736-4899-B9E3-BDD1150C9141}.Debug|x86.Build.0 = Debug|Win32
		{6D639845-2736-4899-B9E3-BDD1150C9141}.Release|x64.ActiveCfg = Release|x64
		{6D639845-2736-4899-B9E3-BDD1150C9141}.Release|x64.Build.0 = Release|x64
		{6D639845-2736-4899-B9E3-BDD1150C9141}.Release|x86.ActiveCfg = Release|Win32
		{6D639845-2736-4899-B9E3-BDD1150C9141}.Release|x86.Build.0 = Release|Win32
		{2D1864D1-64CA-4629-9330-E02ECF5E45D7}.Debug|x64.ActiveCfg = Debug|x64
		{2D1864D1-64CA-4629-9330-E02ECF5E45D7}.Debug|x64.Build.0 = Debug|x64
		{2D1864D1-64CA-4629-9330-E02ECF5E45D7}.Debug|x86.ActiveCfg = Debug|Win32
		{2D1864D1-64CA-4629-9330-E02ECF5E45D7}.Debug|x86.Build.0 = Debug|Win32
		{2D1864D1-64CA-4629-9330-E02ECF5E45D7}.Release|x64.ActiveCfg = Release|x64
		{2D1864D1-64CA-4629-9330-E02ECF5E45D7}.Release|x64.Build.0 = Release|x64
		{2D1864D1-64CA-4629-9330-E02ECF5E45D7}.Release|x86.ActiveCfg = Release|Win32
		{2D1864D1-64CA-4629-9330-E02ECF5E45D7}.Release|x86.Build.0 = Release|Win32
		{7DFC7C7A-7457-4F1C-9192-9557D0D10760}.Debug|x64.ActiveCfg = Debug|x64
		{7DFC7C7A-7457-4F1C-9192-9557D0D10760}.Debug|x64.Build.0 = Debug|x64
		{7DFC7C7A-7457-4F1C-9192-9557D0D10760}.Debug|x86.ActiveCfg = Debug|Win32
		{7DFC7C7A-7457-4F1C-9192-9557D0D10760}.Debug|x86.Build.0 = Debug|Win32
		{7DFC7C7A-7457-4F1C-9192-9557D0D10760}.Release|x64.ActiveCfg = Release|x64
		{7DFC7C7A-7457-4F1C-9192-9557D0D10760}.Release|x64.Build.0 = Release|x64
		{7DFC7C7A-7457-4F1C-9192-9557D0D10760}.Release|x86.ActiveCfg = Release|Win32
		{7DFC7C7A-7457-4F1C-9192-9557D0D10760}.Release|x86.Build.0 = Release|Win32
		{46AFA228-E0F5-4FBC-A2D2-CCF1D68246FF}.Debug|x64.ActiveCfg = Debug|x64
		{46AFA228-E0F5-4FBC-A2D2-CCF1D68246FF}.Debug|x64.Build.0 = Debug|x64
		{46AFA228-E0F5-4FBC-A2D2-CCF1D68246FF}.Debug|x86.ActiveCfg = Debug|Win32
		{46AFA228-E0F5-4FBC-A2D2-CCF1D68246FF}.Debug|x86.Build.0 = Debug|Win32
		{46AFA228-E0F5-4FBC-A2D2-CCF1D68246FF}.Release|x64.ActiveCfg = Release|x64
		{46AFA228-E0F5-4FBC-A2D2-CCF1D68246FF}.Release|x64.Build.0 = Release|x64
		{46AFA228-E0F5-4FBC-A2D2-CCF1D68246FF}.Release|x86.ActiveCfg = Release|Win32
		{46AFA228-E0F5-4FBC-A2D2-CCF1D68246FF}.Release|x86.Build.0 = Release|Win32
		{D2CE1AAE-212D-4980-BAEF-19B0DED791C1}.Debug|x64.ActiveCfg = Debug|x64
		{D2CE1AAE-212D-4980-BAEF-19B0DED791C1}.Debug|x64.Build.0 = Debug|x64
		{D2CE1AAE-212D-4980-BAEF-19B0DED791C1}.Debug|x86.ActiveCfg = Debug|Win32
		{D2CE1AAE-212D-4980-BAEF-19B0DED791C1}.Debug|x86.Build.0 = Debug|Win32
		{D2CE1AAE-212D-4980-BAEF-19B0DED791C1}.Release|x64.ActiveCfg = Release|x64
		{D2CE1AAE-212D-4980-BAEF-19B0DED791C1}.Release|x64.Build.0 = Release|x64
		{D2CE1AAE-212D-4980-BAEF-19B0DED791C1}.Release|x86.ActiveCfg = Release|Win32
		{D2CE1AAE-212D-4980-BAEF-19B0DED791C1}.Release|x86.Build.0 = Release|Win32
		{B59290B3-091F-4CF5-AC15-D2BED23FB828}.Debug|x64.ActiveCfg = Debug|x64
		{B59290B3-091F-4CF5-AC15-D2BED23FB828}.Debug|x64.Build.0 = Debug|x64
		{B59290B3-091F-4CF5-AC15-D2BED23FB828}.Debug|x86.ActiveCfg = Debug|Win32
		{B59290B3-091F-4CF5-AC15-D2BED23FB828}.Debug|x86.Build.0 = Debug|Win32
		{B59290B3-091F-4CF5-AC15-D2BED23FB828}.Release|x64.ActiveCfg = Release|x64
		{B59290B3-091F-4CF5-AC15-D2BED23FB828}.Release|x64.Build.0 = Release|x64
		{B59290B3-091F-4CF5-AC15-D2BED23FB828}.Release|x86.ActiveCfg = Release|Win32
		{B59290B3-091F-4CF5-AC15-D2BED23FB828}.Release|x86.Build.0 = Release|Win32
		{09B3CDCC-9413-4CA1-913F-2B686320FD6B}.Debug|x64.ActiveCfg = Debug|x64
		{09B3CDCC-9413-4CA1-913F-2B686320FD6B}.Debug|x64.Build.0 = Debug|x64
		{09B3CDCC-9413-4CA1-913F-2B686320FD6B}.Debug|x86.ActiveCfg = Debug|Win32
		{09B3CDCC-9413-4CA1-913F-2B686320FD6B}.Debug|x86.Build.0 = Debug|Win32
		{09B3CDCC-9413-4CA1-913F-2B686320FD6B}.Release|x64.ActiveCfg = Release|x64
		{09B3CDCC-9413-4CA1-913F-2B686320FD6B}.Release|x64.Build.0 = Release|x64
		{09B3CDCC-9413-4CA1-913F-2B686320FD6B}.Release|x86.ActiveCfg = Release|Win32
		{09B3CDCC-9413-4CA1-913F-2B686320FD6B}.Release|x86.Build.0 = Release|Win32
		{3FAF99D8-8E20-455D-95E1-F7D082041682}.Debug|x64.ActiveCfg = Debug|x64
		{3FAF99D8-8E20-455D-95E1-F7D082041682}.Debug|x64.Build.0 = Debug|x64
		{3FAF99D8-8E20-455D-95E1-F7D082041682}.Debug|x86.ActiveCfg = Debug|Win32
		{3FAF99D8-8E20-455D-95E1-F7D082041682}.Debug|x86.Build.0 = Debug|Win32
		{3FAF99D8-8E20-455D-95E1-F7D082041682}.Release|x64.ActiveCfg = Release|x64
		{3FAF99D8-8E20-455D-95E1-F7D082041682}.Release|x64.Build.0 = Release|x64
		{3FAF99D8-8E20-455D-95E1-F7D082041682}.Release|x86.ActiveCfg = Release|Win32
		{3FAF99D8-8E20-455D-95E1-F7D082041682}.Release|x86.Build.0 = Release|Win32
		{43C51AF3-715D-4C22-BDE8-C2EBF61458DD}.Debug|x64.ActiveCfg = Debug|x64
		{43C51AF3-715D-4C22-BDE8-C2EBF61458DD}.Debug|x64.Build.0 = Debug|x64
		{43C51AF3-715D-4C22-BDE8-C2EBF61458DD}.Debug|x86.ActiveCfg = Debug|Win32
		{43C51AF3-715D-4C22-BDE8-C2EBF61458DD}.Debug|x86.Build.0 = Debug|Win32
		{43C51AF3-715D-4C22-BDE8-C2EBF61458DD}.Release|x64.ActiveCfg = Release|x64
		{43C51AF3-715D-4C22-BDE8-C2EBF61458DD}.Release|x64.Build.0 = Release|x64
		{43C51AF3-715D-4C22-BDE8-C2EBF61458DD}.Release|x86.ActiveCfg = Release|Win32
		{43C51AF3-715D-4C22-BDE8-C2EBF61458DD}.Release|x86.Build.0 = Release|Win32
		{7CF65A1E-B16D-4ED1-B7E9-D6CA310728D7}.Debug|x64.ActiveCfg = Debug|x64
		{7CF65A1E-B16D-4ED1-B7E9-D6CA310728D7}.Debug|x64.Build.0 = Debug|x64
		{7CF65A1E-B16D-4ED1-B7E9-D6CA310728D7}.Debug|x86.ActiveCfg = Debug|Win32
		{7CF65A1E-B16D-4ED1-B7E9-D6CA310728D7}.Debug|x86.Build.0 = Debug|Win32
		{7CF65A1E-B16D-4ED1-B7E9-D6CA310728D7}.Release|x64.ActiveCfg = Release|x64
		{7CF65A1E-B16D-4ED1-B7E9-D6CA310728D7}.Release|x64.Build.0 = Release|x64
		{7CF65A1E-B16D-4ED1-B7E9-D6CA310728D7}.Release|x86.ActiveCfg = Release|Win32
		{7CF65A1E-B16D-4ED1-B7E9-D6CA310728D7}.Release|x86.Build.0 = Release|Win32
		{9CFB52AE-DB75-4EEA-ABC0-5B49013D4755}.Debug|x64.ActiveCfg = Debug|x64
		{9CFB52AE-DB75-4EEA-ABC0-5B49013D4755}.Debug|x64.Build.0 = Debug|x64
		{9CFB52AE-DB75-4EEA-ABC0-5B49013D4755}.Debug|x86.ActiveCfg = Debug|Win32
		{9CFB52AE-DB75-4EEA-ABC0-5B49013D4755}.Debug|x86.Build.0 = Debug|Win32
		{9CFB52AE-DB75-4EEA-ABC0-5B49013D4755}.Release|x64.ActiveCfg = Release|x64
		{9CFB52AE-DB75-4EEA-ABC0-5B49013D4755}.Release|x64.Build.0 = Release|x64
		{9CFB52AE-DB75-4EEA-ABC0-5B49013D4755}.Release|x86.ActiveCfg = Release|Win32
		{9CFB52AE-DB75-4EEA-ABC0-5B49013D4755}.Release|x86.Build.0 = Release|Win32
		{B2D2C0FA-B439-44A2-AF7A-0995BF689243}.Debug|x64.ActiveCfg = Debug|x64
		{B2D2C0FA-B439-44A2-AF7A-0995BF689243}.Debug|x64.Build.0 = Debug|x64
		{B2D2C0FA-B439-44A2-AF7A-0995BF689243}.Debug|x86.ActiveCfg = Debug|Win32
		{B2D2C0FA-B439-44A2-AF7A-0995BF689243}.Debug|x86.Build.0 = Debug|Win32
		{B2D2C0FA-B439-44A2-AF7A-0995BF689243}.Release|x64.ActiveCfg = Release|x64
		{B2D2C0FA-B439-44A2-AF7A-0995BF689243}.Release|x64.Build.0 = Release|x64
		{B2D2C0FA-B439-44A2-AF7A-0995BF689243}.Release|x86.ActiveCfg = Release|Win32
		{B2D2C0FA-B439-44A2-AF7A-0995BF689243}.Release|x86.Build.0 = Release|Win32
		{D4B11404-8FF0-498B-8F0C-97B5F5C36041}.Debug|x64.ActiveCfg = Debug|x64
		{D4B11404-8FF0-498B-8F0C-97B5F5C36041}.Debug|x64.Build.0 = Debug|x64
		{D4B11404-8FF0-498B-8F0C-97B5F5C36041}.Debug|x86.ActiveCfg = Debug|Win32
		{D4B11404-8FF0-498B-8F0C-97B5F5C36041}.Debug|x86.Build.0 = Debug|Win32
		{D4B11404-8FF0-498B-8F0C-97B5F5C36041}.Release|x64.ActiveCfg = Release|x64
		{D4B11404-8FF0-498B-8F0C-97B5F5C36041}.Release|x64.Build.0 = Release|x64
		{D4B11404-8FF0-498B-8F0C-97B5F5C36041}.Release|x86.ActiveCfg = Release|Win32
		{D4B11404-8FF0-498B-8F0C-97B5F5C36041}.Release|x86.Build.0 = Release|Win32
		{4ED27DE1-015C-4669-A794-CD9A96721536}.Debug|x64.ActiveCfg = Debug|x64
		{4ED27DE1-015C-4669-A794-CD9A96721536}.Debug|x64.Build.0 = Debug|x64
		{4ED27DE1-015C-4669-A794-CD9A96721536}.Debug|x86.ActiveCfg = Debug|Win32
		{4ED27DE1-015C-4669-A794-CD9A96721536}.Debug|x86.Build.0 = Debug|Win32
		{4ED27DE1-015C-4669-A794-CD9A96721536}.Release|x64.ActiveCfg = Release|x64
		{4ED27DE1-015C-4669-A794-CD9A96721536}.Release|x64.Build.0 = Release|x64
		{4ED27DE1-015C-4669-A794-CD9A96721536}.Release|x86.ActiveCfg = Release|Win32
		{4ED27DE1-015C-4669-A794-CD9A96721536}.Release|x86.Build.0 = Release|Win32
		{EB1414BE-F58F-4409-9BE3-0FAC98C47109}.Debug|x64.ActiveCfg = Debug|x64
		{EB1414BE-F58F-4409-9BE3-0FAC98C47109}.Debug|x64.Build.0 = Debug|x64
		{EB1414BE-F58F-4409-9BE3-0FAC98C47109}.Debug|x86.ActiveCfg = Debug|Win32
		{EB1414BE-F58F-4409-9BE3-0FAC98C47109}.Debug|x86.Build.0 = Debug|Win32
		{EB1414BE-F58F-4409-9BE3-0FAC98C47109}.Release|x64.ActiveCfg = Release|x64
		{EB1414BE-F58F-4409-9BE3-0FAC98C47109}.Release|x64.Build.0 = Release|x64
		{EB1414BE-F58F-4409-9BE3-0FAC98C47109}.Release|x86.ActiveCfg = Release|Win32
		{EB1414BE-F58F-4409-9BE3-0FAC98C47109}.Release|x86.Build.0 = Release|Win32
		{748D7149-7BD5-442D-954F-E504866F7E40}.Debug|x64.ActiveCfg = Debug|x64
		{748D7149-7BD5-442D-954F-E504866F7E40}.Debug|x64.Build.0 = Debug|x64
		{748D7149-7BD5-442D-954F-E504866F7E40}.Debug|x86.ActiveCfg = Debug|Win32
		{748D7149-7BD5-442D-954F-E504866F7E40}.Debug|x86.Build.0 = Debug|Win32
		{748D7149-7BD5-442D-954F-E504866F7E40}.Release|x64.ActiveCfg = Release|x64
		{748D7149-7BD5-442D-954F-E504866F7E40}.Release|x64.Build.0 = Release|x64
		{748D7149-7BD5-442D-954F-E504866F7E40}.Release|x86.ActiveCfg = Release|Win32
		{748D7149-7BD5-442D-954F-E504866F7E40}.Release|x86.Build.0 = Release|Win32
		{01BCD6DB-36CB-4267-A9D3-141E67BF8589}.Debug|x64.ActiveCfg = Debug|x64
		{01BCD6DB-36CB-4267-A9D3-141E67BF8589}.Debug|x64.Build.0 = Debug|x64
		{01BCD6DB-36CB-4267-A9D3-141E67BF8589}.Debug|x86.ActiveCfg = Debug|Win32
		{01BCD6DB-36CB-4267-A9D3-141E67BF8589}.Debug|x86.Build.0 = Debug|Win32
		{01BCD6DB-36CB-4267-A9D3-141E67BF8589}.Release|x64.ActiveCfg = Release|x64
		{01BCD6DB-36CB-4267-A9D3-141E67BF8589}.Release|x64.Build.0 = Release|x64
		{01BCD6DB-36CB-4267-A9D3-141E67BF8589}.Release|x86.ActiveCfg = Release|Win32
		{01BCD6DB-36CB-4267-A9D3-141E67BF8589}.Release|x86.Build.0 = Release|Win32
		{E09F504A-A565-43A6-9DB0-89BE17819001}.Debug|x64.ActiveCfg = Debug|x64
		{E09F504A-A565-43A6-9DB0-89BE17819001}.Debug|x64.Build.0 = Debug|x64
		{E09F504A-A565-43A6-9DB0-89BE17819001}.Debug|x86.ActiveCfg = Debug|Win32
		{E09F504A-A565-43A6-9DB0-89BE17819001}.Debug|x86.Build.0 = Debug|Win32
		{E09F504A-A565-43A6-9DB0-89BE17819001}.Release|x64.ActiveCfg = Release|x64
		{E09F504A-A565-43A6-9DB0-89BE17819001}.Release|x64.Build.0 = Release|x64
		{E09F504A-A565-43A6-9DB0-89BE17819001}.Release|x86.ActiveCfg = Release|Win32
		{E09F504A-A565-43A6-9DB0-89BE17819001}.Release|x86.Build.0 = Release|Win32
	EndGlobalSection
	GlobalSection(SolutionProperties) = preSolution
		HideSolutionNode = FALSE
	EndGlobalSection
	GlobalSection(ExtensibilityGlobals) = postSolution
		SolutionGuid = {C8A61A7A-315A-4A78-9C05-DDAE6154EF56}
	EndGlobalSection
EndGlobal
